
Microsoft Visual Studio Solution File, Format Version 12.00
# Visual Studio 14
VisualStudioVersion = 14.0.23107.0
MinimumVisualStudioVersion = 10.0.40219.1
Project("{FAE04EC0-301F-11D3-BF4B-00C04F79EFBC}") = "LANBackup.ClientService", "LANBackup.ClientService\LANBackup.ClientService.csproj", "{1377B5B9-95E7-4E99-A879-037858187F28}"
EndProject
Project("{FAE04EC0-301F-11D3-BF4B-00C04F79EFBC}") = "LANBackup.Messages", "LANBackup.Messages\LANBackup.Messages.csproj", "{E3D39380-A671-4BCD-B042-A79021ABC367}"
EndProject
Project("{FAE04EC0-301F-11D3-BF4B-00C04F79EFBC}") = "LANBackup.LoggerService", "LANBackup.LoggerService\LANBackup.LoggerService.csproj", "{1CA8C0ED-A8FF-4706-8E78-BEE71B93EBF2}"
EndProject
Project("{FAE04EC0-301F-11D3-BF4B-00C04F79EFBC}") = "LANBackup.AdminConsole", "LANBackup.AdminConsole\LANBackup.AdminConsole.csproj", "{F971ED3B-5943-48F3-B424-E6F6E96289CA}"
EndProject
Project("{FAE04EC0-301F-11D3-BF4B-00C04F79EFBC}") = "LANBackup.AdminPortal", "LANBackup.AdminPortal\LANBackup.AdminPortal.csproj", "{15568D9E-C5C7-498F-BA7A-132421B57BED}"
EndProject
Project("{FAE04EC0-301F-11D3-BF4B-00C04F79EFBC}") = "LANBackup.DataPersistence", "LANBackup.DataPersistence\LANBackup.DataPersistence.csproj", "{6298B378-12DA-4CA3-957A-EF530734CB0F}"
EndProject
Project("{FAE04EC0-301F-11D3-BF4B-00C04F79EFBC}") = "LANBackup.Domain", "LANBackup.Domain\LANBackup.Domain.csproj", "{63CEF601-F41C-4030-86D0-24653BBDE51A}"
EndProject
Global
	GlobalSection(SolutionConfigurationPlatforms) = preSolution
		Debug|Any CPU = Debug|Any CPU
		Release|Any CPU = Release|Any CPU
	EndGlobalSection
	GlobalSection(ProjectConfigurationPlatforms) = postSolution
		{1377B5B9-95E7-4E99-A879-037858187F28}.Debug|Any CPU.ActiveCfg = Debug|Any CPU
		{1377B5B9-95E7-4E99-A879-037858187F28}.Debug|Any CPU.Build.0 = Debug|Any CPU
		{1377B5B9-95E7-4E99-A879-037858187F28}.Release|Any CPU.ActiveCfg = Release|Any CPU
		{1377B5B9-95E7-4E99-A879-037858187F28}.Release|Any CPU.Build.0 = Release|Any CPU
		{E3D39380-A671-4BCD-B042-A79021ABC367}.Debug|Any CPU.ActiveCfg = Debug|Any CPU
		{E3D39380-A671-4BCD-B042-A79021ABC367}.Debug|Any CPU.Build.0 = Debug|Any CPU
		{E3D39380-A671-4BCD-B042-A79021ABC367}.Release|Any CPU.ActiveCfg = Release|Any CPU
		{E3D39380-A671-4BCD-B042-A79021ABC367}.Release|Any CPU.Build.0 = Release|Any CPU
		{1CA8C0ED-A8FF-4706-8E78-BEE71B93EBF2}.Debug|Any CPU.ActiveCfg = Debug|Any CPU
		{1CA8C0ED-A8FF-4706-8E78-BEE71B93EBF2}.Debug|Any CPU.Build.0 = Debug|Any CPU
		{1CA8C0ED-A8FF-4706-8E78-BEE71B93EBF2}.Release|Any CPU.ActiveCfg = Release|Any CPU
		{1CA8C0ED-A8FF-4706-8E78-BEE71B93EBF2}.Release|Any CPU.Build.0 = Release|Any CPU
		{F971ED3B-5943-48F3-B424-E6F6E96289CA}.Debug|Any CPU.ActiveCfg = Debug|Any CPU
		{F971ED3B-5943-48F3-B424-E6F6E96289CA}.Debug|Any CPU.Build.0 = Debug|Any CPU
		{F971ED3B-5943-48F3-B424-E6F6E96289CA}.Release|Any CPU.ActiveCfg = Release|Any CPU
		{F971ED3B-5943-48F3-B424-E6F6E96289CA}.Release|Any CPU.Build.0 = Release|Any CPU
		{15568D9E-C5C7-498F-BA7A-132421B57BED}.Debug|Any CPU.ActiveCfg = Debug|Any CPU
		{15568D9E-C5C7-498F-BA7A-132421B57BED}.Debug|Any CPU.Build.0 = Debug|Any CPU
		{15568D9E-C5C7-498F-BA7A-132421B57BED}.Release|Any CPU.ActiveCfg = Release|Any CPU
		{15568D9E-C5C7-498F-BA7A-132421B57BED}.Release|Any CPU.Build.0 = Release|Any CPU
		{6298B378-12DA-4CA3-957A-EF530734CB0F}.Debug|Any CPU.ActiveCfg = Debug|Any CPU
		{6298B378-12DA-4CA3-957A-EF530734CB0F}.Debug|Any CPU.Build.0 = Debug|Any CPU
		{6298B378-12DA-4CA3-957A-EF530734CB0F}.Release|Any CPU.ActiveCfg = Release|Any CPU
		{6298B378-12DA-4CA3-957A-EF530734CB0F}.Release|Any CPU.Build.0 = Release|Any CPU
		{63CEF601-F41C-4030-86D0-24653BBDE51A}.Debug|Any CPU.ActiveCfg = Debug|Any CPU
		{63CEF601-F41C-4030-86D0-24653BBDE51A}.Debug|Any CPU.Build.0 = Debug|Any CPU
		{63CEF601-F41C-4030-86D0-24653BBDE51A}.Release|Any CPU.ActiveCfg = Release|Any CPU
		{63CEF601-F41C-4030-86D0-24653BBDE51A}.Release|Any CPU.Build.0 = Release|Any CPU
	EndGlobalSection
	GlobalSection(SolutionProperties) = preSolution
		HideSolutionNode = FALSE
	EndGlobalSection
EndGlobal
